# This file is automatically @generated by Cargo.
# It is not intended for manual editing.
version = 4

[[package]]
name = "gss"
version = "0.1.0"
dependencies = [
 "lex-just-parse",
]

[[package]]
name = "lex-just-parse"
version = "1.0.0"
source = "registry+https://github.com/rust-lang/crates.io-index"
checksum = "275da7f93addf4f574863849b03cab095d6ac24f7838d95b2e46b0c15de5577f"
